
Microsoft Visual Studio Solution File, Format Version 12.00
# Visual Studio 14
VisualStudioVersion = 14.0.25123.0
MinimumVisualStudioVersion = 10.0.40219.1
Project("{FAE04EC0-301F-11D3-BF4B-00C04F79EFBC}") = "Security Calculator", "Security Calculator\Security Calculator.csproj", "{A0D78EC8-463F-4BD8-A37F-96FB10EBDC7D}"
EndProject
Global
	GlobalSection(SolutionConfigurationPlatforms) = preSolution
		Debug|Any CPU = Debug|Any CPU
		Debug|ARM = Debug|ARM
		Debug|x86 = Debug|x86
		Release|Any CPU = Release|Any CPU
		Release|ARM = Release|ARM
		Release|x86 = Release|x86
	EndGlobalSection
	GlobalSection(ProjectConfigurationPlatforms) = postSolution
		{A0D78EC8-463F-4BD8-A37F-96FB10EBDC7D}.Debug|Any CPU.ActiveCfg = Debug|Any CPU
		{A0D78EC8-463F-4BD8-A37F-96FB10EBDC7D}.Debug|Any CPU.Build.0 = Debug|Any CPU
		{A0D78EC8-463F-4BD8-A37F-96FB10EBDC7D}.Debug|Any CPU.Deploy.0 = Debug|Any CPU
		{A0D78EC8-463F-4BD8-A37F-96FB10EBDC7D}.Debug|ARM.ActiveCfg = Debug|ARM
		{A0D78EC8-463F-4BD8-A37F-96FB10EBDC7D}.Debug|ARM.Build.0 = Debug|ARM
		{A0D78EC8-463F-4BD8-A37F-96FB10EBDC7D}.Debug|ARM.Deploy.0 = Debug|ARM
		{A0D78EC8-463F-4BD8-A37F-96FB10EBDC7D}.Debug|x86.ActiveCfg = Debug|x86
		{A0D78EC8-463F-4BD8-A37F-96FB10EBDC7D}.Debug|x86.Build.0 = Debug|x86
		{A0D78EC8-463F-4BD8-A37F-96FB10EBDC7D}.Debug|x86.Deploy.0 = Debug|x86
		{A0D78EC8-463F-4BD8-A37F-96FB10EBDC7D}.Release|Any CPU.ActiveCfg = Release|Any CPU
		{A0D78EC8-463F-4BD8-A37F-96FB10EBDC7D}.Release|Any CPU.Build.0 = Release|Any CPU
		{A0D78EC8-463F-4BD8-A37F-96FB10EBDC7D}.Release|Any CPU.Deploy.0 = Release|Any CPU
		{A0D78EC8-463F-4BD8-A37F-96FB10EBDC7D}.Release|ARM.ActiveCfg = Release|ARM
		{A0D78EC8-463F-4BD8-A37F-96FB10EBDC7D}.Release|ARM.Build.0 = Release|ARM
		{A0D78EC8-463F-4BD8-A37F-96FB10EBDC7D}.Release|ARM.Deploy.0 = Release|ARM
		{A0D78EC8-463F-4BD8-A37F-96FB10EBDC7D}.Release|x86.ActiveCfg = Release|x86
		{A0D78EC8-463F-4BD8-A37F-96FB10EBDC7D}.Release|x86.Build.0 = Release|x86
		{A0D78EC8-463F-4BD8-A37F-96FB10EBDC7D}.Release|x86.Deploy.0 = Release|x86
	EndGlobalSection
	GlobalSection(SolutionProperties) = preSolution
		HideSolutionNode = FALSE
	EndGlobalSection
EndGlobal
